
Microsoft Visual Studio Solution File, Format Version 12.00
# Visual Studio Version 17
VisualStudioVersion = 17.9.34723.18
MinimumVisualStudioVersion = 10.0.40219.1
Project("{9A19103F-16F7-4668-BE54-9A1E7A4F7556}") = "OrderService", "OrderService\OrderService.csproj", "{EC88018C-536D-4B73-A5A8-8F21DA21EC92}"
EndProject
Project("{2150E333-8FDC-42A3-9474-1A3956D46DE8}") = "Src", "Src", "{24D16A7B-844F-47F1-B7D6-D926A03E7553}"
EndProject
Global
	GlobalSection(SolutionConfigurationPlatforms) = preSolution
		Debug|Any CPU = Debug|Any CPU
		Release|Any CPU = Release|Any CPU
	EndGlobalSection
	GlobalSection(ProjectConfigurationPlatforms) = postSolution
		{EC88018C-536D-4B73-A5A8-8F21DA21EC92}.Debug|Any CPU.ActiveCfg = Debug|Any CPU
		{EC88018C-536D-4B73-A5A8-8F21DA21EC92}.Debug|Any CPU.Build.0 = Debug|Any CPU
		{EC88018C-536D-4B73-A5A8-8F21DA21EC92}.Release|Any CPU.ActiveCfg = Release|Any CPU
		{EC88018C-536D-4B73-A5A8-8F21DA21EC92}.Release|Any CPU.Build.0 = Release|Any CPU
	EndGlobalSection
	GlobalSection(SolutionProperties) = preSolution
		HideSolutionNode = FALSE
	EndGlobalSection
	GlobalSection(NestedProjects) = preSolution
		{EC88018C-536D-4B73-A5A8-8F21DA21EC92} = {24D16A7B-844F-47F1-B7D6-D926A03E7553}
	EndGlobalSection
	GlobalSection(ExtensibilityGlobals) = postSolution
		SolutionGuid = {C28ADF56-20A2-422B-8F66-4B903A413A6E}
	EndGlobalSection
EndGlobal
